// !$*UTF8*$!
{
	archiveVersion = 1;
	classes = {
	};
	objectVersion = 51;
	objects = {

/* Begin PBXBuildFile section */
		491307D123F455D1000AC360 /* AppSearchController.swift in Sources */ = {isa = PBXBuildFile; fileRef = 491307D023F455D1000AC360 /* AppSearchController.swift */; };
		4915A3E623F43E12005C0010 /* AppDelegate.swift in Sources */ = {isa = PBXBuildFile; fileRef = 4915A3E523F43E12005C0010 /* AppDelegate.swift */; };
		4915A3E823F43E12005C0010 /* SceneDelegate.swift in Sources */ = {isa = PBXBuildFile; fileRef = 4915A3E723F43E12005C0010 /* SceneDelegate.swift */; };
		4915A3EF23F43E15005C0010 /* Assets.xcassets in Resources */ = {isa = PBXBuildFile; fileRef = 4915A3EE23F43E15005C0010 /* Assets.xcassets */; };
		4915A3F223F43E15005C0010 /* LaunchScreen.storyboard in Resources */ = {isa = PBXBuildFile; fileRef = 4915A3F023F43E15005C0010 /* LaunchScreen.storyboard */; };
		4915A3FA23F43EDE005C0010 /* BaseTabBarController.swift in Sources */ = {isa = PBXBuildFile; fileRef = 4915A3F923F43EDE005C0010 /* BaseTabBarController.swift */; };
		4959660B2402D16C0082BBCE /* SocialApp.swift in Sources */ = {isa = PBXBuildFile; fileRef = 4959660A2402D16C0082BBCE /* SocialApp.swift */; };
		4959660D240367F20082BBCE /* HorizontalSnappingController.swift in Sources */ = {isa = PBXBuildFile; fileRef = 4959660C240367F20082BBCE /* HorizontalSnappingController.swift */; };
		4959660F24036E6F0082BBCE /* BetterSnappingLayout.swift in Sources */ = {isa = PBXBuildFile; fileRef = 4959660E24036E6F0082BBCE /* BetterSnappingLayout.swift */; };
		4959661124037F4B0082BBCE /* AppDetailController.swift in Sources */ = {isa = PBXBuildFile; fileRef = 4959661024037F4B0082BBCE /* AppDetailController.swift */; };
		49596614240384900082BBCE /* AppDetailCell.swift in Sources */ = {isa = PBXBuildFile; fileRef = 49596613240384900082BBCE /* AppDetailCell.swift */; };
		495966162403AD8C0082BBCE /* PreviewCell.swift in Sources */ = {isa = PBXBuildFile; fileRef = 495966152403AD8C0082BBCE /* PreviewCell.swift */; };
		495966182403AFA50082BBCE /* PreviewScreenshotsController.swift in Sources */ = {isa = PBXBuildFile; fileRef = 495966172403AFA50082BBCE /* PreviewScreenshotsController.swift */; };
		4959661A2403B0DB0082BBCE /* ScreenshotCell.swift in Sources */ = {isa = PBXBuildFile; fileRef = 495966192403B0DB0082BBCE /* ScreenshotCell.swift */; };
		4959661C2403BF680082BBCE /* ReviewRowCell.swift in Sources */ = {isa = PBXBuildFile; fileRef = 4959661B2403BF680082BBCE /* ReviewRowCell.swift */; };
		4959661E2403C19C0082BBCE /* ReviewsController.swift in Sources */ = {isa = PBXBuildFile; fileRef = 4959661D2403C19C0082BBCE /* ReviewsController.swift */; };
		495966202403C43F0082BBCE /* ReviewCell.swift in Sources */ = {isa = PBXBuildFile; fileRef = 4959661F2403C43F0082BBCE /* ReviewCell.swift */; };
		495966222404151D0082BBCE /* Reviews.swift in Sources */ = {isa = PBXBuildFile; fileRef = 495966212404151D0082BBCE /* Reviews.swift */; };
		496437CC23FC27B400889267 /* AppsPageController.swift in Sources */ = {isa = PBXBuildFile; fileRef = 496437CB23FC27B400889267 /* AppsPageController.swift */; };
		496437CE23FC294700889267 /* BaseListController.swift in Sources */ = {isa = PBXBuildFile; fileRef = 496437CD23FC294700889267 /* BaseListController.swift */; };
		497C900523F59B9200E7B52F /* SearchResultCell.swift in Sources */ = {isa = PBXBuildFile; fileRef = 497C900423F59B9200E7B52F /* SearchResultCell.swift */; };
		497C900823F5B51B00E7B52F /* UIView+Layout.swift in Sources */ = {isa = PBXBuildFile; fileRef = 497C900723F5B51B00E7B52F /* UIView+Layout.swift */; };
		497C94F023F6EF4400E7B52F /* VerticalStackView.swift in Sources */ = {isa = PBXBuildFile; fileRef = 497C94EF23F6EF4400E7B52F /* VerticalStackView.swift */; };
		497C94F323F708D900E7B52F /* SearchResult.swift in Sources */ = {isa = PBXBuildFile; fileRef = 497C94F223F708D900E7B52F /* SearchResult.swift */; };
		4992062023FADA87007AA75B /* Service.swift in Sources */ = {isa = PBXBuildFile; fileRef = 4992061F23FADA87007AA75B /* Service.swift */; };
		49B3591023FD737E00BEFF80 /* AppPageHeader.swift in Sources */ = {isa = PBXBuildFile; fileRef = 49B3590F23FD737E00BEFF80 /* AppPageHeader.swift */; };
		49B3591223FD797700BEFF80 /* AppsHeaderHorizontalController.swift in Sources */ = {isa = PBXBuildFile; fileRef = 49B3591123FD797700BEFF80 /* AppsHeaderHorizontalController.swift */; };
		49B3591423FD7C9E00BEFF80 /* AppsHeaderCell.swift in Sources */ = {isa = PBXBuildFile; fileRef = 49B3591323FD7C9E00BEFF80 /* AppsHeaderCell.swift */; };
		49B3591623FD8F1B00BEFF80 /* AppGroup.swift in Sources */ = {isa = PBXBuildFile; fileRef = 49B3591523FD8F1B00BEFF80 /* AppGroup.swift */; };
		49F7BAEB23FC2F310034D8DF /* AppsGroupCell.swift in Sources */ = {isa = PBXBuildFile; fileRef = 49F7BAEA23FC2F310034D8DF /* AppsGroupCell.swift */; };
		49F7BAED23FC33210034D8DF /* AppsHorizontalController.swift in Sources */ = {isa = PBXBuildFile; fileRef = 49F7BAEC23FC33210034D8DF /* AppsHorizontalController.swift */; };
		49F7BAEF23FC50C00034D8DF /* AppRowCell.swift in Sources */ = {isa = PBXBuildFile; fileRef = 49F7BAEE23FC50C00034D8DF /* AppRowCell.swift */; };
		49F7BAF123FC51820034D8DF /* Extensions.swift in Sources */ = {isa = PBXBuildFile; fileRef = 49F7BAF023FC51820034D8DF /* Extensions.swift */; };
		C9961AC3D7027CCA95805FC6 /* Pods_AppStore.framework in Frameworks */ = {isa = PBXBuildFile; fileRef = E134762E9E9B7BA49A38EE05 /* Pods_AppStore.framework */; };
/* End PBXBuildFile section */

/* Begin PBXFileReference section */
		0CDE19C0D64F3F9E8973133B /* Pods-AppStore.release.xcconfig */ = {isa = PBXFileReference; includeInIndex = 1; lastKnownFileType = text.xcconfig; name = "Pods-AppStore.release.xcconfig"; path = "Target Support Files/Pods-AppStore/Pods-AppStore.release.xcconfig"; sourceTree = "<group>"; };
		137A3FE9ACD72C017DCBB740 /* Pods-AppStore.debug.xcconfig */ = {isa = PBXFileReference; includeInIndex = 1; lastKnownFileType = text.xcconfig; name = "Pods-AppStore.debug.xcconfig"; path = "Target Support Files/Pods-AppStore/Pods-AppStore.debug.xcconfig"; sourceTree = "<group>"; };
		491307D023F455D1000AC360 /* AppSearchController.swift */ = {isa = PBXFileReference; lastKnownFileType = sourcecode.swift; path = AppSearchController.swift; sourceTree = "<group>"; };
		4915A3E223F43E12005C0010 /* AppStore.app */ = {isa = PBXFileReference; explicitFileType = wrapper.application; includeInIndex = 0; path = AppStore.app; sourceTree = BUILT_PRODUCTS_DIR; };
		4915A3E523F43E12005C0010 /* AppDelegate.swift */ = {isa = PBXFileReference; lastKnownFileType = sourcecode.swift; path = AppDelegate.swift; sourceTree = "<group>"; };
		4915A3E723F43E12005C0010 /* SceneDelegate.swift */ = {isa = PBXFileReference; lastKnownFileType = sourcecode.swift; path = SceneDelegate.swift; sourceTree = "<group>"; };
		4915A3EE23F43E15005C0010 /* Assets.xcassets */ = {isa = PBXFileReference; lastKnownFileType = folder.assetcatalog; path = Assets.xcassets; sourceTree = "<group>"; };
		4915A3F123F43E15005C0010 /* Base */ = {isa = PBXFileReference; lastKnownFileType = file.storyboard; name = Base; path = Base.lproj/LaunchScreen.storyboard; sourceTree = "<group>"; };
		4915A3F323F43E15005C0010 /* Info.plist */ = {isa = PBXFileReference; lastKnownFileType = text.plist.xml; path = Info.plist; sourceTree = "<group>"; };
		4915A3F923F43EDE005C0010 /* BaseTabBarController.swift */ = {isa = PBXFileReference; lastKnownFileType = sourcecode.swift; path = BaseTabBarController.swift; sourceTree = "<group>"; };
		4959660A2402D16C0082BBCE /* SocialApp.swift */ = {isa = PBXFileReference; lastKnownFileType = sourcecode.swift; path = SocialApp.swift; sourceTree = "<group>"; };
		4959660C240367F20082BBCE /* HorizontalSnappingController.swift */ = {isa = PBXFileReference; lastKnownFileType = sourcecode.swift; path = HorizontalSnappingController.swift; sourceTree = "<group>"; };
		4959660E24036E6F0082BBCE /* BetterSnappingLayout.swift */ = {isa = PBXFileReference; lastKnownFileType = sourcecode.swift; path = BetterSnappingLayout.swift; sourceTree = "<group>"; };
		4959661024037F4B0082BBCE /* AppDetailController.swift */ = {isa = PBXFileReference; lastKnownFileType = sourcecode.swift; path = AppDetailController.swift; sourceTree = "<group>"; };
		49596613240384900082BBCE /* AppDetailCell.swift */ = {isa = PBXFileReference; lastKnownFileType = sourcecode.swift; path = AppDetailCell.swift; sourceTree = "<group>"; };
		495966152403AD8C0082BBCE /* PreviewCell.swift */ = {isa = PBXFileReference; lastKnownFileType = sourcecode.swift; path = PreviewCell.swift; sourceTree = "<group>"; };
		495966172403AFA50082BBCE /* PreviewScreenshotsController.swift */ = {isa = PBXFileReference; lastKnownFileType = sourcecode.swift; path = PreviewScreenshotsController.swift; sourceTree = "<group>"; };
		495966192403B0DB0082BBCE /* ScreenshotCell.swift */ = {isa = PBXFileReference; lastKnownFileType = sourcecode.swift; path = ScreenshotCell.swift; sourceTree = "<group>"; };
		4959661B2403BF680082BBCE /* ReviewRowCell.swift */ = {isa = PBXFileReference; lastKnownFileType = sourcecode.swift; path = ReviewRowCell.swift; sourceTree = "<group>"; };
		4959661D2403C19C0082BBCE /* ReviewsController.swift */ = {isa = PBXFileReference; lastKnownFileType = sourcecode.swift; path = ReviewsController.swift; sourceTree = "<group>"; };
		4959661F2403C43F0082BBCE /* ReviewCell.swift */ = {isa = PBXFileReference; lastKnownFileType = sourcecode.swift; path = ReviewCell.swift; sourceTree = "<group>"; };
		495966212404151D0082BBCE /* Reviews.swift */ = {isa = PBXFileReference; lastKnownFileType = sourcecode.swift; path = Reviews.swift; sourceTree = "<group>"; };
		496437CB23FC27B400889267 /* AppsPageController.swift */ = {isa = PBXFileReference; lastKnownFileType = sourcecode.swift; path = AppsPageController.swift; sourceTree = "<group>"; };
		496437CD23FC294700889267 /* BaseListController.swift */ = {isa = PBXFileReference; lastKnownFileType = sourcecode.swift; path = BaseListController.swift; sourceTree = "<group>"; };
		497C900423F59B9200E7B52F /* SearchResultCell.swift */ = {isa = PBXFileReference; lastKnownFileType = sourcecode.swift; path = SearchResultCell.swift; sourceTree = "<group>"; };
		497C900723F5B51B00E7B52F /* UIView+Layout.swift */ = {isa = PBXFileReference; fileEncoding = 4; lastKnownFileType = sourcecode.swift; path = "UIView+Layout.swift"; sourceTree = "<group>"; };
		497C94EF23F6EF4400E7B52F /* VerticalStackView.swift */ = {isa = PBXFileReference; lastKnownFileType = sourcecode.swift; path = VerticalStackView.swift; sourceTree = "<group>"; };
		497C94F223F708D900E7B52F /* SearchResult.swift */ = {isa = PBXFileReference; lastKnownFileType = sourcecode.swift; path = SearchResult.swift; sourceTree = "<group>"; };
		4992061F23FADA87007AA75B /* Service.swift */ = {isa = PBXFileReference; lastKnownFileType = sourcecode.swift; path = Service.swift; sourceTree = "<group>"; };
		49B3590F23FD737E00BEFF80 /* AppPageHeader.swift */ = {isa = PBXFileReference; lastKnownFileType = sourcecode.swift; path = AppPageHeader.swift; sourceTree = "<group>"; };
		49B3591123FD797700BEFF80 /* AppsHeaderHorizontalController.swift */ = {isa = PBXFileReference; lastKnownFileType = sourcecode.swift; path = AppsHeaderHorizontalController.swift; sourceTree = "<group>"; };
		49B3591323FD7C9E00BEFF80 /* AppsHeaderCell.swift */ = {isa = PBXFileReference; lastKnownFileType = sourcecode.swift; path = AppsHeaderCell.swift; sourceTree = "<group>"; };
		49B3591523FD8F1B00BEFF80 /* AppGroup.swift */ = {isa = PBXFileReference; lastKnownFileType = sourcecode.swift; path = AppGroup.swift; sourceTree = "<group>"; };
		49F7BAEA23FC2F310034D8DF /* AppsGroupCell.swift */ = {isa = PBXFileReference; lastKnownFileType = sourcecode.swift; path = AppsGroupCell.swift; sourceTree = "<group>"; };
		49F7BAEC23FC33210034D8DF /* AppsHorizontalController.swift */ = {isa = PBXFileReference; lastKnownFileType = sourcecode.swift; path = AppsHorizontalController.swift; sourceTree = "<group>"; };
		49F7BAEE23FC50C00034D8DF /* AppRowCell.swift */ = {isa = PBXFileReference; lastKnownFileType = sourcecode.swift; path = AppRowCell.swift; sourceTree = "<group>"; };
		49F7BAF023FC51820034D8DF /* Extensions.swift */ = {isa = PBXFileReference; lastKnownFileType = sourcecode.swift; path = Extensions.swift; sourceTree = "<group>"; };
		E134762E9E9B7BA49A38EE05 /* Pods_AppStore.framework */ = {isa = PBXFileReference; explicitFileType = wrapper.framework; includeInIndex = 0; path = Pods_AppStore.framework; sourceTree = BUILT_PRODUCTS_DIR; };
/* End PBXFileReference section */

/* Begin PBXFrameworksBuildPhase section */
		4915A3DF23F43E12005C0010 /* Frameworks */ = {
			isa = PBXFrameworksBuildPhase;
			buildActionMask = 2147483647;
			files = (
				C9961AC3D7027CCA95805FC6 /* Pods_AppStore.framework in Frameworks */,
			);
			runOnlyForDeploymentPostprocessing = 0;
		};
/* End PBXFrameworksBuildPhase section */

/* Begin PBXGroup section */
		491307CF23F45581000AC360 /* Controller */ = {
			isa = PBXGroup;
			children = (
				496437CF23FC29F200889267 /* Search */,
				496437CA23FC279E00889267 /* Apps */,
				4915A3F923F43EDE005C0010 /* BaseTabBarController.swift */,
				496437CD23FC294700889267 /* BaseListController.swift */,
				4959660C240367F20082BBCE /* HorizontalSnappingController.swift */,
			);
			path = Controller;
			sourceTree = "<group>";
		};
		4915A3D923F43E12005C0010 = {
			isa = PBXGroup;
			children = (
				4915A3E423F43E12005C0010 /* AppStore */,
				4915A3E323F43E12005C0010 /* Products */,
				F2AD78F4810BA7E3F69F9DAE /* Pods */,
				E0A61AFC2E319F08164B956D /* Frameworks */,
			);
			sourceTree = "<group>";
		};
		4915A3E323F43E12005C0010 /* Products */ = {
			isa = PBXGroup;
			children = (
				4915A3E223F43E12005C0010 /* AppStore.app */,
			);
			name = Products;
			sourceTree = "<group>";
		};
		4915A3E423F43E12005C0010 /* AppStore */ = {
			isa = PBXGroup;
			children = (
				4992061E23FADA6B007AA75B /* Service */,
				497C94F123F708BC00E7B52F /* Model */,
				497C900623F5B4C300E7B52F /* Helpers */,
				497C900323F59B4F00E7B52F /* Views */,
				491307CF23F45581000AC360 /* Controller */,
				4915A3F323F43E15005C0010 /* Info.plist */,
				4915A3FB23F4471D005C0010 /* Support */,
			);
			path = AppStore;
			sourceTree = "<group>";
		};
		4915A3FB23F4471D005C0010 /* Support */ = {
			isa = PBXGroup;
			children = (
				4915A3E523F43E12005C0010 /* AppDelegate.swift */,
				4915A3E723F43E12005C0010 /* SceneDelegate.swift */,
				4915A3EE23F43E15005C0010 /* Assets.xcassets */,
				4915A3F023F43E15005C0010 /* LaunchScreen.storyboard */,
			);
			path = Support;
			sourceTree = "<group>";
		};
		49596612240381940082BBCE /* Details */ = {
			isa = PBXGroup;
			children = (
				4959661024037F4B0082BBCE /* AppDetailController.swift */,
				495966172403AFA50082BBCE /* PreviewScreenshotsController.swift */,
				4959661D2403C19C0082BBCE /* ReviewsController.swift */,
			);
			path = Details;
			sourceTree = "<group>";
		};
		496437CA23FC279E00889267 /* Apps */ = {
			isa = PBXGroup;
			children = (
				49596612240381940082BBCE /* Details */,
				496437CB23FC27B400889267 /* AppsPageController.swift */,
				49F7BAEC23FC33210034D8DF /* AppsHorizontalController.swift */,
				49B3591123FD797700BEFF80 /* AppsHeaderHorizontalController.swift */,
			);
			path = Apps;
			sourceTree = "<group>";
		};
		496437CF23FC29F200889267 /* Search */ = {
			isa = PBXGroup;
			children = (
				491307D023F455D1000AC360 /* AppSearchController.swift */,
			);
			path = Search;
			sourceTree = "<group>";
		};
		497C900323F59B4F00E7B52F /* Views */ = {
			isa = PBXGroup;
			children = (
				49F7BAE923FC2F120034D8DF /* Apps */,
				497C900423F59B9200E7B52F /* SearchResultCell.swift */,
			);
			path = Views;
			sourceTree = "<group>";
		};
		497C900623F5B4C300E7B52F /* Helpers */ = {
			isa = PBXGroup;
			children = (
				497C900723F5B51B00E7B52F /* UIView+Layout.swift */,
				497C94EF23F6EF4400E7B52F /* VerticalStackView.swift */,
				49F7BAF023FC51820034D8DF /* Extensions.swift */,
				4959660E24036E6F0082BBCE /* BetterSnappingLayout.swift */,
			);
			path = Helpers;
			sourceTree = "<group>";
		};
		497C94F123F708BC00E7B52F /* Model */ = {
			isa = PBXGroup;
			children = (
				497C94F223F708D900E7B52F /* SearchResult.swift */,
				49B3591523FD8F1B00BEFF80 /* AppGroup.swift */,
				4959660A2402D16C0082BBCE /* SocialApp.swift */,
				495966212404151D0082BBCE /* Reviews.swift */,
			);
			path = Model;
			sourceTree = "<group>";
		};
		4992061E23FADA6B007AA75B /* Service */ = {
			isa = PBXGroup;
			children = (
				4992061F23FADA87007AA75B /* Service.swift */,
			);
			path = Service;
			sourceTree = "<group>";
		};
		49F7BAE923FC2F120034D8DF /* Apps */ = {
			isa = PBXGroup;
			children = (
				49F7BAEA23FC2F310034D8DF /* AppsGroupCell.swift */,
				49F7BAEE23FC50C00034D8DF /* AppRowCell.swift */,
				49B3590F23FD737E00BEFF80 /* AppPageHeader.swift */,
				49B3591323FD7C9E00BEFF80 /* AppsHeaderCell.swift */,
				49596613240384900082BBCE /* AppDetailCell.swift */,
				495966152403AD8C0082BBCE /* PreviewCell.swift */,
				495966192403B0DB0082BBCE /* ScreenshotCell.swift */,
				4959661B2403BF680082BBCE /* ReviewRowCell.swift */,
				4959661F2403C43F0082BBCE /* ReviewCell.swift */,
			);
			path = Apps;
			sourceTree = "<group>";
		};
		E0A61AFC2E319F08164B956D /* Frameworks */ = {
			isa = PBXGroup;
			children = (
				E134762E9E9B7BA49A38EE05 /* Pods_AppStore.framework */,
			);
			name = Frameworks;
			sourceTree = "<group>";
		};
		F2AD78F4810BA7E3F69F9DAE /* Pods */ = {
			isa = PBXGroup;
			children = (
				137A3FE9ACD72C017DCBB740 /* Pods-AppStore.debug.xcconfig */,
				0CDE19C0D64F3F9E8973133B /* Pods-AppStore.release.xcconfig */,
			);
			path = Pods;
			sourceTree = "<group>";
		};
/* End PBXGroup section */

/* Begin PBXNativeTarget section */
		4915A3E123F43E12005C0010 /* AppStore */ = {
			isa = PBXNativeTarget;
			buildConfigurationList = 4915A3F623F43E15005C0010 /* Build configuration list for PBXNativeTarget "AppStore" */;
			buildPhases = (
				E3404D718DB553E915A8FC79 /* [CP] Check Pods Manifest.lock */,
				4915A3DE23F43E12005C0010 /* Sources */,
				4915A3DF23F43E12005C0010 /* Frameworks */,
				4915A3E023F43E12005C0010 /* Resources */,
				BA7D5F6446599B9C51911607 /* [CP] Embed Pods Frameworks */,
			);
			buildRules = (
			);
			dependencies = (
			);
			name = AppStore;
			productName = AppStore;
			productReference = 4915A3E223F43E12005C0010 /* AppStore.app */;
			productType = "com.apple.product-type.application";
		};
/* End PBXNativeTarget section */

/* Begin PBXProject section */
		4915A3DA23F43E12005C0010 /* Project object */ = {
			isa = PBXProject;
			attributes = {
				LastSwiftUpdateCheck = 1130;
				LastUpgradeCheck = 1130;
				ORGANIZATIONNAME = "SUNG HAO LIN";
				TargetAttributes = {
					4915A3E123F43E12005C0010 = {
						CreatedOnToolsVersion = 11.3;
					};
				};
			};
			buildConfigurationList = 4915A3DD23F43E12005C0010 /* Build configuration list for PBXProject "AppStore" */;
			compatibilityVersion = "Xcode 9.3";
			developmentRegion = en;
			hasScannedForEncodings = 0;
			knownRegions = (
				en,
				Base,
			);
			mainGroup = 4915A3D923F43E12005C0010;
			productRefGroup = 4915A3E323F43E12005C0010 /* Products */;
			projectDirPath = "";
			projectRoot = "";
			targets = (
				4915A3E123F43E12005C0010 /* AppStore */,
			);
		};
/* End PBXProject section */

/* Begin PBXResourcesBuildPhase section */
		4915A3E023F43E12005C0010 /* Resources */ = {
			isa = PBXResourcesBuildPhase;
			buildActionMask = 2147483647;
			files = (
				4915A3F223F43E15005C0010 /* LaunchScreen.storyboard in Resources */,
				4915A3EF23F43E15005C0010 /* Assets.xcassets in Resources */,
			);
			runOnlyForDeploymentPostprocessing = 0;
		};
/* End PBXResourcesBuildPhase section */

/* Begin PBXShellScriptBuildPhase section */
		BA7D5F6446599B9C51911607 /* [CP] Embed Pods Frameworks */ = {
			isa = PBXShellScriptBuildPhase;
			buildActionMask = 2147483647;
			files = (
			);
			inputFileListPaths = (
				"${PODS_ROOT}/Target Support Files/Pods-AppStore/Pods-AppStore-frameworks-${CONFIGURATION}-input-files.xcfilelist",
			);
			name = "[CP] Embed Pods Frameworks";
			outputFileListPaths = (
				"${PODS_ROOT}/Target Support Files/Pods-AppStore/Pods-AppStore-frameworks-${CONFIGURATION}-output-files.xcfilelist",
			);
			runOnlyForDeploymentPostprocessing = 0;
			shellPath = /bin/sh;
			shellScript = "\"${PODS_ROOT}/Target Support Files/Pods-AppStore/Pods-AppStore-frameworks.sh\"\n";
			showEnvVarsInLog = 0;
		};
		E3404D718DB553E915A8FC79 /* [CP] Check Pods Manifest.lock */ = {
			isa = PBXShellScriptBuildPhase;
			buildActionMask = 2147483647;
			files = (
			);
			inputFileListPaths = (
			);
			inputPaths = (
				"${PODS_PODFILE_DIR_PATH}/Podfile.lock",
				"${PODS_ROOT}/Manifest.lock",
			);
			name = "[CP] Check Pods Manifest.lock";
			outputFileListPaths = (
			);
			outputPaths = (
				"$(DERIVED_FILE_DIR)/Pods-AppStore-checkManifestLockResult.txt",
			);
			runOnlyForDeploymentPostprocessing = 0;
			shellPath = /bin/sh;
			shellScript = "diff \"${PODS_PODFILE_DIR_PATH}/Podfile.lock\" \"${PODS_ROOT}/Manifest.lock\" > /dev/null\nif [ $? != 0 ] ; then\n    # print error to STDERR\n    echo \"error: The sandbox is not in sync with the Podfile.lock. Run 'pod install' or update your CocoaPods installation.\" >&2\n    exit 1\nfi\n# This output is used by Xcode 'outputs' to avoid re-running this script phase.\necho \"SUCCESS\" > \"${SCRIPT_OUTPUT_FILE_0}\"\n";
			showEnvVarsInLog = 0;
		};
/* End PBXShellScriptBuildPhase section */

/* Begin PBXSourcesBuildPhase section */
		4915A3DE23F43E12005C0010 /* Sources */ = {
			isa = PBXSourcesBuildPhase;
			buildActionMask = 2147483647;
			files = (
				4915A3FA23F43EDE005C0010 /* BaseTabBarController.swift in Sources */,
				495966202403C43F0082BBCE /* ReviewCell.swift in Sources */,
				4959660F24036E6F0082BBCE /* BetterSnappingLayout.swift in Sources */,
				4915A3E623F43E12005C0010 /* AppDelegate.swift in Sources */,
				4959660B2402D16C0082BBCE /* SocialApp.swift in Sources */,
				497C94F323F708D900E7B52F /* SearchResult.swift in Sources */,
				49B3591623FD8F1B00BEFF80 /* AppGroup.swift in Sources */,
				496437CC23FC27B400889267 /* AppsPageController.swift in Sources */,
				49B3591423FD7C9E00BEFF80 /* AppsHeaderCell.swift in Sources */,
				497C900823F5B51B00E7B52F /* UIView+Layout.swift in Sources */,
				49B3591023FD737E00BEFF80 /* AppPageHeader.swift in Sources */,
				49596614240384900082BBCE /* AppDetailCell.swift in Sources */,
				496437CE23FC294700889267 /* BaseListController.swift in Sources */,
				495966182403AFA50082BBCE /* PreviewScreenshotsController.swift in Sources */,
				49F7BAEF23FC50C00034D8DF /* AppRowCell.swift in Sources */,
				4915A3E823F43E12005C0010 /* SceneDelegate.swift in Sources */,
				49F7BAEB23FC2F310034D8DF /* AppsGroupCell.swift in Sources */,
				4992062023FADA87007AA75B /* Service.swift in Sources */,
				495966162403AD8C0082BBCE /* PreviewCell.swift in Sources */,
				4959661E2403C19C0082BBCE /* ReviewsController.swift in Sources */,
				49F7BAF123FC51820034D8DF /* Extensions.swift in Sources */,
				491307D123F455D1000AC360 /* AppSearchController.swift in Sources */,
				4959661A2403B0DB0082BBCE /* ScreenshotCell.swift in Sources */,
				495966222404151D0082BBCE /* Reviews.swift in Sources */,
				497C900523F59B9200E7B52F /* SearchResultCell.swift in Sources */,
				4959661124037F4B0082BBCE /* AppDetailController.swift in Sources */,
				4959660D240367F20082BBCE /* HorizontalSnappingController.swift in Sources */,
				4959661C2403BF680082BBCE /* ReviewRowCell.swift in Sources */,
				49F7BAED23FC33210034D8DF /* AppsHorizontalController.swift in Sources */,
				497C94F023F6EF4400E7B52F /* VerticalStackView.swift in Sources */,
				49B3591223FD797700BEFF80 /* AppsHeaderHorizontalController.swift in Sources */,
			);
			runOnlyForDeploymentPostprocessing = 0;
		};
/* End PBXSourcesBuildPhase section */

/* Begin PBXVariantGroup section */
		4915A3F023F43E15005C0010 /* LaunchScreen.storyboard */ = {
			isa = PBXVariantGroup;
			children = (
				4915A3F123F43E15005C0010 /* Base */,
			);
			name = LaunchScreen.storyboard;
			sourceTree = "<group>";
		};
/* End PBXVariantGroup section */

/* Begin XCBuildConfiguration section */
		4915A3F423F43E15005C0010 /* Debug */ = {
			isa = XCBuildConfiguration;
			buildSettings = {
				ALWAYS_SEARCH_USER_PATHS = NO;
				CLANG_ANALYZER_NONNULL = YES;
				CLANG_ANALYZER_NUMBER_OBJECT_CONVERSION = YES_AGGRESSIVE;
				CLANG_CXX_LANGUAGE_STANDARD = "gnu++14";
				CLANG_CXX_LIBRARY = "libc++";
				CLANG_ENABLE_MODULES = YES;
				CLANG_ENABLE_OBJC_ARC = YES;
				CLANG_ENABLE_OBJC_WEAK = YES;
				CLANG_WARN_BLOCK_CAPTURE_AUTORELEASING = YES;
				CLANG_WARN_BOOL_CONVERSION = YES;
				CLANG_WARN_COMMA = YES;
				CLANG_WARN_CONSTANT_CONVERSION = YES;
				CLANG_WARN_DEPRECATED_OBJC_IMPLEMENTATIONS = YES;
				CLANG_WARN_DIRECT_OBJC_ISA_USAGE = YES_ERROR;
				CLANG_WARN_DOCUMENTATION_COMMENTS = YES;
				CLANG_WARN_EMPTY_BODY = YES;
				CLANG_WARN_ENUM_CONVERSION = YES;
				CLANG_WARN_INFINITE_RECURSION = YES;
				CLANG_WARN_INT_CONVERSION = YES;
				CLANG_WARN_NON_LITERAL_NULL_CONVERSION = YES;
				CLANG_WARN_OBJC_IMPLICIT_RETAIN_SELF = YES;
				CLANG_WARN_OBJC_LITERAL_CONVERSION = YES;
				CLANG_WARN_OBJC_ROOT_CLASS = YES_ERROR;
				CLANG_WARN_RANGE_LOOP_ANALYSIS = YES;
				CLANG_WARN_STRICT_PROTOTYPES = YES;
				CLANG_WARN_SUSPICIOUS_MOVE = YES;
				CLANG_WARN_UNGUARDED_AVAILABILITY = YES_AGGRESSIVE;
				CLANG_WARN_UNREACHABLE_CODE = YES;
				CLANG_WARN__DUPLICATE_METHOD_MATCH = YES;
				COPY_PHASE_STRIP = NO;
				DEBUG_INFORMATION_FORMAT = dwarf;
				ENABLE_STRICT_OBJC_MSGSEND = YES;
				ENABLE_TESTABILITY = YES;
				GCC_C_LANGUAGE_STANDARD = gnu11;
				GCC_DYNAMIC_NO_PIC = NO;
				GCC_NO_COMMON_BLOCKS = YES;
				GCC_OPTIMIZATION_LEVEL = 0;
				GCC_PREPROCESSOR_DEFINITIONS = (
					"DEBUG=1",
					"$(inherited)",
				);
				GCC_WARN_64_TO_32_BIT_CONVERSION = YES;
				GCC_WARN_ABOUT_RETURN_TYPE = YES_ERROR;
				GCC_WARN_UNDECLARED_SELECTOR = YES;
				GCC_WARN_UNINITIALIZED_AUTOS = YES_AGGRESSIVE;
				GCC_WARN_UNUSED_FUNCTION = YES;
				GCC_WARN_UNUSED_VARIABLE = YES;
				IPHONEOS_DEPLOYMENT_TARGET = 13.2;
				MTL_ENABLE_DEBUG_INFO = INCLUDE_SOURCE;
				MTL_FAST_MATH = YES;
				ONLY_ACTIVE_ARCH = YES;
				SDKROOT = iphoneos;
				SWIFT_ACTIVE_COMPILATION_CONDITIONS = DEBUG;
				SWIFT_OPTIMIZATION_LEVEL = "-Onone";
			};
			name = Debug;
		};
		4915A3F523F43E15005C0010 /* Release */ = {
			isa = XCBuildConfiguration;
			buildSettings = {
				ALWAYS_SEARCH_USER_PATHS = NO;
				CLANG_ANALYZER_NONNULL = YES;
				CLANG_ANALYZER_NUMBER_OBJECT_CONVERSION = YES_AGGRESSIVE;
				CLANG_CXX_LANGUAGE_STANDARD = "gnu++14";
				CLANG_CXX_LIBRARY = "libc++";
				CLANG_ENABLE_MODULES = YES;
				CLANG_ENABLE_OBJC_ARC = YES;
				CLANG_ENABLE_OBJC_WEAK = YES;
				CLANG_WARN_BLOCK_CAPTURE_AUTORELEASING = YES;
				CLANG_WARN_BOOL_CONVERSION = YES;
				CLANG_WARN_COMMA = YES;
				CLANG_WARN_CONSTANT_CONVERSION = YES;
				CLANG_WARN_DEPRECATED_OBJC_IMPLEMENTATIONS = YES;
				CLANG_WARN_DIRECT_OBJC_ISA_USAGE = YES_ERROR;
				CLANG_WARN_DOCUMENTATION_COMMENTS = YES;
				CLANG_WARN_EMPTY_BODY = YES;
				CLANG_WARN_ENUM_CONVERSION = YES;
				CLANG_WARN_INFINITE_RECURSION = YES;
				CLANG_WARN_INT_CONVERSION = YES;
				CLANG_WARN_NON_LITERAL_NULL_CONVERSION = YES;
				CLANG_WARN_OBJC_IMPLICIT_RETAIN_SELF = YES;
				CLANG_WARN_OBJC_LITERAL_CONVERSION = YES;
				CLANG_WARN_OBJC_ROOT_CLASS = YES_ERROR;
				CLANG_WARN_RANGE_LOOP_ANALYSIS = YES;
				CLANG_WARN_STRICT_PROTOTYPES = YES;
				CLANG_WARN_SUSPICIOUS_MOVE = YES;
				CLANG_WARN_UNGUARDED_AVAILABILITY = YES_AGGRESSIVE;
				CLANG_WARN_UNREACHABLE_CODE = YES;
				CLANG_WARN__DUPLICATE_METHOD_MATCH = YES;
				COPY_PHASE_STRIP = NO;
				DEBUG_INFORMATION_FORMAT = "dwarf-with-dsym";
				ENABLE_NS_ASSERTIONS = NO;
				ENABLE_STRICT_OBJC_MSGSEND = YES;
				GCC_C_LANGUAGE_STANDARD = gnu11;
				GCC_NO_COMMON_BLOCKS = YES;
				GCC_WARN_64_TO_32_BIT_CONVERSION = YES;
				GCC_WARN_ABOUT_RETURN_TYPE = YES_ERROR;
				GCC_WARN_UNDECLARED_SELECTOR = YES;
				GCC_WARN_UNINITIALIZED_AUTOS = YES_AGGRESSIVE;
				GCC_WARN_UNUSED_FUNCTION = YES;
				GCC_WARN_UNUSED_VARIABLE = YES;
				IPHONEOS_DEPLOYMENT_TARGET = 13.2;
				MTL_ENABLE_DEBUG_INFO = NO;
				MTL_FAST_MATH = YES;
				SDKROOT = iphoneos;
				SWIFT_COMPILATION_MODE = wholemodule;
				SWIFT_OPTIMIZATION_LEVEL = "-O";
				VALIDATE_PRODUCT = YES;
			};
			name = Release;
		};
		4915A3F723F43E15005C0010 /* Debug */ = {
			isa = XCBuildConfiguration;
			baseConfigurationReference = 137A3FE9ACD72C017DCBB740 /* Pods-AppStore.debug.xcconfig */;
			buildSettings = {
				ASSETCATALOG_COMPILER_APPICON_NAME = AppIcon;
				CODE_SIGN_STYLE = Automatic;
				DEVELOPMENT_TEAM = 2W4XUH8LUQ;
				INFOPLIST_FILE = AppStore/Info.plist;
				LD_RUNPATH_SEARCH_PATHS = (
					"$(inherited)",
					"@executable_path/Frameworks",
				);
				PRODUCT_BUNDLE_IDENTIFIER = com.gannasong.AppStore;
				PRODUCT_NAME = "$(TARGET_NAME)";
				SWIFT_VERSION = 5.0;
				TARGETED_DEVICE_FAMILY = "1,2";
			};
			name = Debug;
		};
		4915A3F823F43E15005C0010 /* Release */ = {
			isa = XCBuildConfiguration;
			baseConfigurationReference = 0CDE19C0D64F3F9E8973133B /* Pods-AppStore.release.xcconfig */;
			buildSettings = {
				ASSETCATALOG_COMPILER_APPICON_NAME = AppIcon;
				CODE_SIGN_STYLE = Automatic;
				DEVELOPMENT_TEAM = 2W4XUH8LUQ;
				INFOPLIST_FILE = AppStore/Info.plist;
				LD_RUNPATH_SEARCH_PATHS = (
					"$(inherited)",
					"@executable_path/Frameworks",
				);
				PRODUCT_BUNDLE_IDENTIFIER = com.gannasong.AppStore;
				PRODUCT_NAME = "$(TARGET_NAME)";
				SWIFT_VERSION = 5.0;
				TARGETED_DEVICE_FAMILY = "1,2";
			};
			name = Release;
		};
/* End XCBuildConfiguration section */

/* Begin XCConfigurationList section */
		4915A3DD23F43E12005C0010 /* Build configuration list for PBXProject "AppStore" */ = {
			isa = XCConfigurationList;
			buildConfigurations = (
				4915A3F423F43E15005C0010 /* Debug */,
				4915A3F523F43E15005C0010 /* Release */,
			);
			defaultConfigurationIsVisible = 0;
			defaultConfigurationName = Release;
		};
		4915A3F623F43E15005C0010 /* Build configuration list for PBXNativeTarget "AppStore" */ = {
			isa = XCConfigurationList;
			buildConfigurations = (
				4915A3F723F43E15005C0010 /* Debug */,
				4915A3F823F43E15005C0010 /* Release */,
			);
			defaultConfigurationIsVisible = 0;
			defaultConfigurationName = Release;
		};
/* End XCConfigurationList section */
	};
	rootObject = 4915A3DA23F43E12005C0010 /* Project object */;
}
